# This file is automatically @generated by Cargo.
# It is not intended for manual editing.
version = 3

[[package]]
name = "addr2line"
version = "0.24.2"
source = "registry+https://github.com/rust-lang/crates.io-index"
checksum = "dfbe277e56a376000877090da837660b4427aad530e3028d44e0bffe4f89a1c1"
dependencies = [
 "gimli",
]

[[package]]
name = "ahash"
version = "0.8.11"
source = "registry+https://github.com/rust-lang/crates.io-index"
checksum = "e89da841a80418a9b391ebaea17f5c112ffaaa96f621d2c285b5174da76b9011"
dependencies = [
 "cfg-if",
 "once_cell",
 "version_check",
 "zerocopy",
]

[[package]]
name = "allocator-api2"
version = "0.2.18"
source = "registry+https://github.com/rust-lang/crates.io-index"
checksum = "5c6cb57a04249c6480766f7f7cef5467412af1490f8d1e243141daddada3264f"

[[package]]
name = "anyhow"
version = "1.0.88"
source = "registry+https://github.com/rust-lang/crates.io-index"
checksum = "4e1496f8fb1fbf272686b8d37f523dab3e4a7443300055e74cdaa449f3114356"

[[package]]
name = "arrayvec"
version = "0.7.6"
source = "registry+https://github.com/rust-lang/crates.io-index"
checksum = "7c02d123df017efcdfbd739ef81735b36c5ba83ec3c59c80a9d7ecc718f92e50"

[[package]]
name = "autocfg"
version = "1.3.0"
source = "registry+https://github.com/rust-lang/crates.io-index"
checksum = "0c4b4d0bd25bd0b74681c0ad21497610ce1b7c91b1022cd21c80c6fbdd9476b0"

[[package]]
name = "backtrace"
version = "0.1.0"
dependencies = [
 "addr2line",
 "cfg-if",
 "gimli",
 "log",
 "object",
 "rustc-demangle",
 "unwind2",
]

[[package]]
name = "bitflags"
version = "2.6.0"
source = "registry+https://github.com/rust-lang/crates.io-index"
checksum = "b048fb63fd8b5923fc5aa7b340d8e156aec7ec02f0c78fa8a6ddc2613f6f71de"

[[package]]
name = "bumpalo"
version = "3.16.0"
source = "registry+https://github.com/rust-lang/crates.io-index"
checksum = "79296716171880943b8470b5f8d03aa55eb2e645a4874bdbb28adb49162e012c"

[[package]]
name = "byteorder"
version = "1.5.0"
source = "registry+https://github.com/rust-lang/crates.io-index"
checksum = "1fd0f2584146f6f2ef48085050886acf353beff7305ebd1ae69500e27c67f64b"

[[package]]
name = "cfg-if"
version = "1.0.0"
source = "registry+https://github.com/rust-lang/crates.io-index"
checksum = "baf1de4339761588bc0619e3cbc0120ee582ebb74b53b4efbf79117bd2da40fd"

[[package]]
name = "cranelift-bforest"
version = "0.113.0"
source = "git+https://github.com/JonasKruckenberg/wasmtime?branch=no_std3#3a0ec67b05077345df639d64b15e67b7a46dd0ca"
dependencies = [
 "cranelift-entity",
]

[[package]]
name = "cranelift-bitset"
version = "0.113.0"
source = "git+https://github.com/JonasKruckenberg/wasmtime?branch=no_std3#3a0ec67b05077345df639d64b15e67b7a46dd0ca"
dependencies = [
 "serde",
 "serde_derive",
]

[[package]]
name = "cranelift-codegen"
version = "0.113.0"
source = "git+https://github.com/JonasKruckenberg/wasmtime?branch=no_std3#3a0ec67b05077345df639d64b15e67b7a46dd0ca"
dependencies = [
 "bumpalo",
 "cranelift-bforest",
 "cranelift-bitset",
 "cranelift-codegen-meta",
 "cranelift-codegen-shared",
 "cranelift-control",
 "cranelift-entity",
 "cranelift-isle",
 "hashbrown",
 "libm",
 "log",
 "regalloc2",
 "rustc-hash",
 "smallvec",
 "target-lexicon",
]

[[package]]
name = "cranelift-codegen-meta"
version = "0.113.0"
source = "git+https://github.com/JonasKruckenberg/wasmtime?branch=no_std3#3a0ec67b05077345df639d64b15e67b7a46dd0ca"
dependencies = [
 "cranelift-codegen-shared",
]

[[package]]
name = "cranelift-codegen-shared"
version = "0.113.0"
source = "git+https://github.com/JonasKruckenberg/wasmtime?branch=no_std3#3a0ec67b05077345df639d64b15e67b7a46dd0ca"

[[package]]
name = "cranelift-control"
version = "0.113.0"
source = "git+https://github.com/JonasKruckenberg/wasmtime?branch=no_std3#3a0ec67b05077345df639d64b15e67b7a46dd0ca"

[[package]]
name = "cranelift-entity"
version = "0.113.0"
source = "git+https://github.com/JonasKruckenberg/wasmtime?branch=no_std3#3a0ec67b05077345df639d64b15e67b7a46dd0ca"
dependencies = [
 "cranelift-bitset",
 "serde",
 "serde_derive",
]

[[package]]
name = "cranelift-frontend"
version = "0.113.0"
source = "git+https://github.com/JonasKruckenberg/wasmtime?branch=no_std3#3a0ec67b05077345df639d64b15e67b7a46dd0ca"
dependencies = [
 "cranelift-codegen",
 "hashbrown",
 "log",
 "smallvec",
 "target-lexicon",
]

[[package]]
name = "cranelift-isle"
version = "0.113.0"
source = "git+https://github.com/JonasKruckenberg/wasmtime?branch=no_std3#3a0ec67b05077345df639d64b15e67b7a46dd0ca"

[[package]]
name = "cranelift-wasm"
version = "0.113.0"
source = "git+https://github.com/JonasKruckenberg/wasmtime?branch=no_std3#3a0ec67b05077345df639d64b15e67b7a46dd0ca"
dependencies = [
 "cranelift-codegen",
 "cranelift-entity",
 "cranelift-frontend",
 "hashbrown",
 "log",
 "smallvec",
 "wasmparser",
 "wasmtime-types",
]

[[package]]
name = "crc32fast"
version = "1.4.2"
source = "registry+https://github.com/rust-lang/crates.io-index"
checksum = "a97769d94ddab943e4510d138150169a2758b5ef3eb191a9ee688de3e23ef7b3"
dependencies = [
 "cfg-if",
]

[[package]]
name = "dtb-parser"
version = "0.1.0"
dependencies = [
 "log",
 "onlyerror",
]

[[package]]
name = "equivalent"
version = "1.0.1"
source = "registry+https://github.com/rust-lang/crates.io-index"
checksum = "5443807d6dff69373d433ab9ef5378ad8df50ca6298caf15de6e52e24aaf54d5"

[[package]]
name = "gimli"
version = "0.31.1"
source = "registry+https://github.com/rust-lang/crates.io-index"
checksum = "07e28edb80900c19c28f1072f2e8aeca7fa06b23cd4169cefe1af5aa3260783f"

[[package]]
name = "hashbrown"
version = "0.14.5"
source = "registry+https://github.com/rust-lang/crates.io-index"
checksum = "e5274423e17b7c9fc20b6e7e208532f9b19825d82dfd615708b70edd83df41f1"
dependencies = [
 "ahash",
 "allocator-api2",
]

[[package]]
name = "indexmap"
version = "2.5.0"
source = "registry+https://github.com/rust-lang/crates.io-index"
checksum = "68b900aa2f7301e21c36462b170ee99994de34dff39a4a6a528e80e7376d07e5"
dependencies = [
 "equivalent",
 "hashbrown",
]

[[package]]
name = "kernel"
version = "0.1.0"
dependencies = [
 "arrayvec",
 "backtrace",
 "cfg-if",
 "cranelift-codegen",
 "cranelift-entity",
 "cranelift-frontend",
 "cranelift-wasm",
 "gimli",
 "hashbrown",
 "kmm",
 "ktest",
 "linked-list-allocator",
 "loader-api",
 "log",
 "object",
 "onlyerror",
 "panic-unwind",
 "riscv",
 "semihosting-logger",
 "sync",
 "talc",
 "target-lexicon",
 "thread-local",
 "unwind2",
 "wasmparser",
 "wast",
]

[[package]]
name = "kmm"
version = "0.1.0"
dependencies = [
 "bitflags",
 "cfg-if",
 "kernel",
 "ktest",
 "log",
 "object",
 "onlyerror",
 "riscv",
]

[[package]]
name = "ktest"
version = "0.1.0"
dependencies = [
 "dtb-parser",
 "kernel",
 "ktest-macros",
 "loader-api",
 "panic-unwind",
 "riscv",
]

[[package]]
name = "ktest-macros"
version = "0.1.0"
dependencies = [
 "proc-macro2",
 "quote",
 "syn",
]

[[package]]
name = "leb128"
version = "0.1.0"
dependencies = [
 "ktest",
 "onlyerror",
]

[[package]]
name = "libm"
version = "0.2.8"
source = "registry+https://github.com/rust-lang/crates.io-index"
checksum = "4ec2a862134d2a7d32d7983ddcdd1c4923530833c9f2ea1a44fc5fa473989058"

[[package]]
name = "linked-list-allocator"
version = "0.1.0"
dependencies = [
 "kmm",
 "sync",
]

[[package]]
name = "loader"
version = "0.1.0"
dependencies = [
 "arrayvec",
 "cfg-if",
 "dtb-parser",
 "kmm",
 "linked-list-allocator",
 "loader-api",
 "log",
 "lz4_flex",
 "object",
 "onlyerror",
 "panic-abort",
 "rand",
 "rand_chacha",
 "riscv",
 "semihosting-logger",
 "sync",
]

[[package]]
name = "loader-api"
version = "0.1.0"
dependencies = [
 "cfg-if",
 "kmm",
 "loader-api-macros",
]

[[package]]
name = "loader-api-macros"
version = "0.1.0"
dependencies = [
 "proc-macro2",
 "quote",
 "syn",
]

[[package]]
name = "lock_api"
version = "0.4.12"
source = "registry+https://github.com/rust-lang/crates.io-index"
checksum = "07af8b9cdd281b7915f413fa73f29ebd5d55d0d3f0155584dade1ff18cea1b17"
dependencies = [
 "autocfg",
 "scopeguard",
]

[[package]]
name = "log"
version = "0.4.22"
source = "registry+https://github.com/rust-lang/crates.io-index"
checksum = "a7a70ba024b9dc04c27ea2f0c0548feb474ec5c54bba33a7f72f873a39d07b24"

[[package]]
name = "lz4_flex"
version = "0.11.3"
source = "registry+https://github.com/rust-lang/crates.io-index"
checksum = "75761162ae2b0e580d7e7c390558127e5f01b4194debd6221fd8c207fc80e3f5"

[[package]]
name = "memchr"
version = "2.7.4"
source = "registry+https://github.com/rust-lang/crates.io-index"
checksum = "78ca9ab1a0babb1e7d5695e3530886289c18cf2f87ec19a575a0abdce112e3a3"

[[package]]
name = "myn"
version = "0.2.2"
source = "registry+https://github.com/rust-lang/crates.io-index"
checksum = "e49d2fc6c79d00e708293cb0793a2a33357405d0c0bf0fa7dc88e7694c8db313"

[[package]]
name = "object"
version = "0.36.4"
source = "registry+https://github.com/rust-lang/crates.io-index"
checksum = "084f1a5821ac4c651660a94a7153d27ac9d8a53736203f58b31945ded098070a"
dependencies = [
 "crc32fast",
 "hashbrown",
 "indexmap",
 "memchr",
]

[[package]]
name = "once_cell"
version = "1.19.0"
source = "registry+https://github.com/rust-lang/crates.io-index"
checksum = "3fdb12b2476b595f9358c5161aa467c2438859caa136dec86c26fdd2efe17b92"

[[package]]
name = "onlyerror"
version = "0.1.4"
source = "registry+https://github.com/rust-lang/crates.io-index"
checksum = "8c26d4ea2ccd9b7acedc478853805606e60c5b7b7aedfc1c54ed6d1fdc0587db"
dependencies = [
 "myn",
]

[[package]]
name = "panic-abort"
version = "0.1.0"
dependencies = [
 "log",
 "panic-common",
]

[[package]]
name = "panic-common"
version = "0.1.0"
dependencies = [
 "cfg-if",
 "log",
 "riscv",
 "sync",
]

[[package]]
name = "panic-unwind"
version = "0.1.0"
dependencies = [
 "log",
 "panic-common",
 "thread-local",
 "unwind2",
]

[[package]]
name = "ppv-lite86"
version = "0.2.20"
source = "registry+https://github.com/rust-lang/crates.io-index"
checksum = "77957b295656769bb8ad2b6a6b09d897d94f05c41b069aede1fcdaa675eaea04"
dependencies = [
 "zerocopy",
]

[[package]]
name = "proc-macro2"
version = "1.0.86"
source = "registry+https://github.com/rust-lang/crates.io-index"
checksum = "5e719e8df665df0d1c8fbfd238015744736151d4445ec0836b8e628aae103b77"
dependencies = [
 "unicode-ident",
]

[[package]]
name = "quote"
version = "1.0.37"
source = "registry+https://github.com/rust-lang/crates.io-index"
checksum = "b5b9d34b8991d19d98081b46eacdd8eb58c6f2b201139f7c5f643cc155a633af"
dependencies = [
 "proc-macro2",
]

[[package]]
name = "rand"
version = "0.8.5"
source = "registry+https://github.com/rust-lang/crates.io-index"
checksum = "34af8d1a0e25924bc5b7c43c079c942339d8f0a8b57c39049bef581b46327404"
dependencies = [
 "rand_core",
]

[[package]]
name = "rand_chacha"
version = "0.3.1"
source = "registry+https://github.com/rust-lang/crates.io-index"
checksum = "e6c10a63a0fa32252be49d21e7709d4d4baf8d231c2dbce1eaa8141b9b127d88"
dependencies = [
 "ppv-lite86",
 "rand_core",
]

[[package]]
name = "rand_core"
version = "0.6.4"
source = "registry+https://github.com/rust-lang/crates.io-index"
checksum = "ec0be4795e2f6a28069bec0b5ff3e2ac9bafc99e6a9a7dc3547996c5c816922c"

[[package]]
name = "regalloc2"
version = "0.10.2"
source = "registry+https://github.com/rust-lang/crates.io-index"
checksum = "12908dbeb234370af84d0579b9f68258a0f67e201412dd9a2814e6f45b2fc0f0"
dependencies = [
 "hashbrown",
 "log",
 "rustc-hash",
 "slice-group-by",
 "smallvec",
]

[[package]]
name = "riscv"
version = "0.1.0"
dependencies = [
 "cfg-if",
 "onlyerror",
 "sync",
]

[[package]]
name = "rustc-demangle"
version = "0.1.24"
source = "registry+https://github.com/rust-lang/crates.io-index"
checksum = "719b953e2095829ee67db738b3bfa9fa368c94900df327b3f07fe6e794d2fe1f"

[[package]]
name = "rustc-hash"
version = "2.0.0"
source = "registry+https://github.com/rust-lang/crates.io-index"
checksum = "583034fd73374156e66797ed8e5b0d5690409c9226b22d87cb7f19821c05d152"

[[package]]
name = "scopeguard"
version = "1.2.0"
source = "registry+https://github.com/rust-lang/crates.io-index"
checksum = "94143f37725109f92c262ed2cf5e59bce7498c01bcc1502d7b9afe439a4e9f49"

[[package]]
name = "semihosting-logger"
version = "0.1.0"
dependencies = [
 "cfg-if",
 "log",
 "riscv",
 "thread-local",
]

[[package]]
name = "semver"
version = "1.0.23"
source = "registry+https://github.com/rust-lang/crates.io-index"
checksum = "61697e0a1c7e512e84a621326239844a24d8207b4669b41bc18b32ea5cbf988b"

[[package]]
name = "serde"
version = "1.0.210"
source = "registry+https://github.com/rust-lang/crates.io-index"
checksum = "c8e3592472072e6e22e0a54d5904d9febf8508f65fb8552499a1abc7d1078c3a"
dependencies = [
 "serde_derive",
]

[[package]]
name = "serde_derive"
version = "1.0.210"
source = "registry+https://github.com/rust-lang/crates.io-index"
checksum = "243902eda00fad750862fc144cea25caca5e20d615af0a81bee94ca738f1df1f"
dependencies = [
 "proc-macro2",
 "quote",
 "syn",
]

[[package]]
name = "slice-group-by"
version = "0.3.1"
source = "registry+https://github.com/rust-lang/crates.io-index"
checksum = "826167069c09b99d56f31e9ae5c99049e932a98c9dc2dac47645b08dbbf76ba7"

[[package]]
name = "smallvec"
version = "1.13.2"
source = "registry+https://github.com/rust-lang/crates.io-index"
checksum = "3c5e1a9a646d36c3599cd173a41282daf47c44583ad367b8e6837255952e5c67"
dependencies = [
 "serde",
]

[[package]]
name = "syn"
version = "2.0.79"
source = "registry+https://github.com/rust-lang/crates.io-index"
checksum = "89132cd0bf050864e1d38dc3bbc07a0eb8e7530af26344d3d2bbbef83499f590"
dependencies = [
 "proc-macro2",
 "quote",
 "unicode-ident",
]

[[package]]
name = "sync"
version = "0.1.0"
dependencies = [
 "lock_api",
]

[[package]]
name = "talc"
version = "4.4.1"
source = "registry+https://github.com/rust-lang/crates.io-index"
checksum = "04be12ec299aadd63a0bf781d893e4b6139d33cdca6dcd6f6be31f849cedcac8"
dependencies = [
 "lock_api",
]

[[package]]
name = "target-lexicon"
version = "0.12.16"
source = "registry+https://github.com/rust-lang/crates.io-index"
checksum = "61c41af27dd6d1e27b1b16b489db798443478cef1f06a660c96db617ba5de3b1"

[[package]]
name = "thread-local"
version = "0.1.0"

[[package]]
name = "unicode-ident"
version = "1.0.12"
source = "registry+https://github.com/rust-lang/crates.io-index"
checksum = "3354b9ac3fae1ff6755cb6db53683adb661634f67557942dea4facebec0fee4b"

[[package]]
name = "unicode-width"
version = "0.2.0"
source = "registry+https://github.com/rust-lang/crates.io-index"
checksum = "1fc81956842c57dac11422a97c3b8195a1ff727f06e85c84ed2e8aa277c9a0fd"

[[package]]
name = "unwind2"
version = "0.1.0"
dependencies = [
 "cfg-if",
 "gimli",
 "log",
 "onlyerror",
 "riscv",
 "sync",
]

[[package]]
name = "version_check"
version = "0.9.5"
source = "registry+https://github.com/rust-lang/crates.io-index"
checksum = "0b928f33d975fc6ad9f86c8f283853ad26bdd5b10b7f1542aa2fa15e2289105a"

[[package]]
name = "wasm-encoder"
version = "0.1.0"
dependencies = [
 "ktest",
 "leb128",
]

[[package]]
name = "wasmparser"
version = "0.216.0"
source = "registry+https://github.com/rust-lang/crates.io-index"
checksum = "bcdee6bea3619d311fb4b299721e89a986c3470f804b6d534340e412589028e3"
dependencies = [
 "ahash",
 "bitflags",
 "hashbrown",
 "indexmap",
 "semver",
]

[[package]]
name = "wasmtime-types"
version = "26.0.0"
source = "git+https://github.com/JonasKruckenberg/wasmtime?branch=no_std3#3a0ec67b05077345df639d64b15e67b7a46dd0ca"
dependencies = [
 "anyhow",
 "cranelift-entity",
 "serde",
 "serde_derive",
 "smallvec",
 "wasmparser",
]

[[package]]
name = "wast"
version = "214.0.0"
dependencies = [
 "bumpalo",
 "gimli",
 "hashbrown",
 "ktest",
 "leb128",
 "memchr",
 "thread-local",
 "unicode-width",
 "wasm-encoder",
]

[[package]]
name = "zerocopy"
version = "0.7.35"
source = "registry+https://github.com/rust-lang/crates.io-index"
checksum = "1b9b4fd18abc82b8136838da5d50bae7bdea537c574d8dc1a34ed098d6c166f0"
dependencies = [
 "byteorder",
 "zerocopy-derive",
]

[[package]]
name = "zerocopy-derive"
version = "0.7.35"
source = "registry+https://github.com/rust-lang/crates.io-index"
checksum = "fa4f8080344d4671fb4e831a13ad1e68092748387dfc4f55e356242fae12ce3e"
dependencies = [
 "proc-macro2",
 "quote",
 "syn",
]
