# This file is automatically @generated by Cargo.
# It is not intended for manual editing.
version = 3

[[package]]
name = "dtb-parser"
version = "0.1.0"
dependencies = [
 "onlyerror",
]

[[package]]
name = "kernel"
version = "0.1.0"
dependencies = [
 "onlyerror",
]

[[package]]
name = "myn"
version = "0.1.0"
source = "registry+https://github.com/rust-lang/crates.io-index"
checksum = "f950af707b8005ae33bb0f0b20cb32b09750e7375085606dc45b2f2078a34e52"

[[package]]
name = "onlyerror"
version = "0.1.3"
source = "registry+https://github.com/rust-lang/crates.io-index"
checksum = "8a66685f46cfd9f79c981531f6c2af1737e08deb27637561eaeee792332e2fc3"
dependencies = [
 "myn",
]
